
Microsoft Visual Studio Solution File, Format Version 12.00
# Visual Studio 14
VisualStudioVersion = 14.0.25420.1
MinimumVisualStudioVersion = 10.0.40219.1
Project("{FAE04EC0-301F-11D3-BF4B-00C04F79EFBC}") = "2DRectangleArea", "2DRectangleArea\2DRectangleArea.csproj", "{9F3DA4B1-895E-456E-88B5-55B73455A908}"
EndProject
Global
	GlobalSection(SolutionConfigurationPlatforms) = preSolution
		Debug|Any CPU = Debug|Any CPU
		Release|Any CPU = Release|Any CPU
	EndGlobalSection
	GlobalSection(ProjectConfigurationPlatforms) = postSolution
		{9F3DA4B1-895E-456E-88B5-55B73455A908}.Debug|Any CPU.ActiveCfg = Debug|Any CPU
		{9F3DA4B1-895E-456E-88B5-55B73455A908}.Debug|Any CPU.Build.0 = Debug|Any CPU
		{9F3DA4B1-895E-456E-88B5-55B73455A908}.Release|Any CPU.ActiveCfg = Release|Any CPU
		{9F3DA4B1-895E-456E-88B5-55B73455A908}.Release|Any CPU.Build.0 = Release|Any CPU
	EndGlobalSection
	GlobalSection(SolutionProperties) = preSolution
		HideSolutionNode = FALSE
	EndGlobalSection
EndGlobal
